
Microsoft Visual Studio Solution File, Format Version 12.00
# Visual Studio Version 17
VisualStudioVersion = 17.10.35004.147
MinimumVisualStudioVersion = 10.0.40219.1
Project("{FAE04EC0-301F-11D3-BF4B-00C04F79EFBC}") = "Lab2_Ques4", "Lab2_Ques4\Lab2_Ques4.csproj", "{3E957495-0D5D-4250-BE1B-07F2ECDFEB98}"
EndProject
Global
	GlobalSection(SolutionConfigurationPlatforms) = preSolution
		Debug|Any CPU = Debug|Any CPU
		Release|Any CPU = Release|Any CPU
	EndGlobalSection
	GlobalSection(ProjectConfigurationPlatforms) = postSolution
		{3E957495-0D5D-4250-BE1B-07F2ECDFEB98}.Debug|Any CPU.ActiveCfg = Debug|Any CPU
		{3E957495-0D5D-4250-BE1B-07F2ECDFEB98}.Debug|Any CPU.Build.0 = Debug|Any CPU
		{3E957495-0D5D-4250-BE1B-07F2ECDFEB98}.Release|Any CPU.ActiveCfg = Release|Any CPU
		{3E957495-0D5D-4250-BE1B-07F2ECDFEB98}.Release|Any CPU.Build.0 = Release|Any CPU
	EndGlobalSection
	GlobalSection(SolutionProperties) = preSolution
		HideSolutionNode = FALSE
	EndGlobalSection
	GlobalSection(ExtensibilityGlobals) = postSolution
		SolutionGuid = {0F3E0692-6A5E-4E36-9765-CE6082C17D93}
	EndGlobalSection
EndGlobal
